
Microsoft Visual Studio Solution File, Format Version 12.00
# Visual Studio Version 17
VisualStudioVersion = 17.5.33627.172
MinimumVisualStudioVersion = 10.0.40219.1
Project("{FAE04EC0-301F-11D3-BF4B-00C04F79EFBC}") = "TypingApplication", "TypingApplication\TypingApplication.csproj", "{1ADE6F0D-29FB-4FDD-8883-D047C0573998}"
EndProject
Global
	GlobalSection(SolutionConfigurationPlatforms) = preSolution
		Debug|Any CPU = Debug|Any CPU
		Release|Any CPU = Release|Any CPU
	EndGlobalSection
	GlobalSection(ProjectConfigurationPlatforms) = postSolution
		{1ADE6F0D-29FB-4FDD-8883-D047C0573998}.Debug|Any CPU.ActiveCfg = Debug|Any CPU
		{1ADE6F0D-29FB-4FDD-8883-D047C0573998}.Debug|Any CPU.Build.0 = Debug|Any CPU
		{1ADE6F0D-29FB-4FDD-8883-D047C0573998}.Release|Any CPU.ActiveCfg = Release|Any CPU
		{1ADE6F0D-29FB-4FDD-8883-D047C0573998}.Release|Any CPU.Build.0 = Release|Any CPU
	EndGlobalSection
	GlobalSection(SolutionProperties) = preSolution
		HideSolutionNode = FALSE
	EndGlobalSection
	GlobalSection(ExtensibilityGlobals) = postSolution
		SolutionGuid = {29DE04BF-0842-4143-B100-03AB7B613A99}
	EndGlobalSection
EndGlobal
